
Microsoft Visual Studio Solution File, Format Version 12.00
# Visual Studio Version 17
VisualStudioVersion = 17.5.33414.496
MinimumVisualStudioVersion = 10.0.40219.1
Project("{FAE04EC0-301F-11D3-BF4B-00C04F79EFBC}") = "SoloRespira-API", "SoloRespira-API\SoloRespira-API.csproj", "{A46AA6AA-4142-4C28-9F35-54696465F059}"
EndProject
Global
	GlobalSection(SolutionConfigurationPlatforms) = preSolution
		Debug|Any CPU = Debug|Any CPU
		Release|Any CPU = Release|Any CPU
	EndGlobalSection
	GlobalSection(ProjectConfigurationPlatforms) = postSolution
		{A46AA6AA-4142-4C28-9F35-54696465F059}.Debug|Any CPU.ActiveCfg = Debug|Any CPU
		{A46AA6AA-4142-4C28-9F35-54696465F059}.Debug|Any CPU.Build.0 = Debug|Any CPU
		{A46AA6AA-4142-4C28-9F35-54696465F059}.Release|Any CPU.ActiveCfg = Release|Any CPU
		{A46AA6AA-4142-4C28-9F35-54696465F059}.Release|Any CPU.Build.0 = Release|Any CPU
	EndGlobalSection
	GlobalSection(SolutionProperties) = preSolution
		HideSolutionNode = FALSE
	EndGlobalSection
	GlobalSection(ExtensibilityGlobals) = postSolution
		SolutionGuid = {1C006767-1983-46C4-B45F-F2195D5BD640}
	EndGlobalSection
EndGlobal
